{
  "version": 4,
  "terraform_version": "1.5.0",
  "serial": 4,
  "lineage": "4fb63f78-7a83-0174-62ac-d59d11df9932",
  "outputs": {
    "container_fqdn_address": {
      "value": "aci-public-09887766.westeurope.azurecontainer.io",
      "type": "string"
    },
    "container_ipv4_address": {
      "value": "20.76.94.236",
      "type": "string"
    }
  },
  "resources": [
    {
      "mode": "managed",
      "type": "azurerm_container_group",
      "name": "container",
      "provider": "provider[\"registry.terraform.io/hashicorp/azurerm\"]",
      "instances": [
        {
          "schema_version": 0,
          "attributes": {
            "container": [
              {
                "commands": [],
                "cpu": 1,
                "environment_variables": {},
                "gpu": [],
                "image": "mcr.microsoft.com/azuredocs/aci-helloworld:latest",
                "liveness_probe": [],
                "memory": 2,
                "name": "az104-9b-c1",
                "ports": [
                  {
                    "port": 80,
                    "protocol": "TCP"
                  }
                ],
                "readiness_probe": [],
                "secure_environment_variables": {},
                "volume": []
              }
            ],
            "diagnostics": [],
            "dns_config": [],
            "dns_name_label": "aci-public-09887766",
            "exposed_port": [
              {
                "port": 80,
                "protocol": "TCP"
              }
            ],
            "fqdn": "aci-public-09887766.westeurope.azurecontainer.io",
            "id": "/subscriptions/76a7f95f-ddfe-414e-b234-fed7b4cdeecd/resourceGroups/az104-09b-rg1/providers/Microsoft.ContainerInstance/containerGroups/acigroup01",
            "identity": [],
            "image_registry_credential": [],
            "ip_address": "20.76.94.236",
            "ip_address_type": "Public",
            "location": "westeurope",
            "name": "acigroup01",
            "network_profile_id": null,
            "os_type": "Linux",
            "resource_group_name": "az104-09b-rg1",
            "restart_policy": "Always",
            "tags": {},
            "timeouts": null
          },
          "sensitive_attributes": [],
          "private": "eyJlMmJmYjczMC1lY2FhLTExZTYtOGY4OC0zNDM2M2JjN2M0YzAiOnsiY3JlYXRlIjoxODAwMDAwMDAwMDAwLCJkZWxldGUiOjE4MDAwMDAwMDAwMDAsInJlYWQiOjMwMDAwMDAwMDAwMCwidXBkYXRlIjoxODAwMDAwMDAwMDAwfX0=",
          "dependencies": [
            "azurerm_resource_group.rg"
          ]
        }
      ]
    },
    {
      "mode": "managed",
      "type": "azurerm_resource_group",
      "name": "rg",
      "provider": "provider[\"registry.terraform.io/hashicorp/azurerm\"]",
      "instances": [
        {
          "schema_version": 0,
          "attributes": {
            "id": "/subscriptions/76a7f95f-ddfe-414e-b234-fed7b4cdeecd/resourceGroups/az104-09b-rg1",
            "location": "westeurope",
            "name": "az104-09b-rg1",
            "tags": {},
            "timeouts": null
          },
          "sensitive_attributes": [],
          "private": "eyJlMmJmYjczMC1lY2FhLTExZTYtOGY4OC0zNDM2M2JjN2M0YzAiOnsiY3JlYXRlIjo1NDAwMDAwMDAwMDAwLCJkZWxldGUiOjU0MDAwMDAwMDAwMDAsInJlYWQiOjMwMDAwMDAwMDAwMCwidXBkYXRlIjo1NDAwMDAwMDAwMDAwfX0="
        }
      ]
    }
  ],
  "check_results": null
}
