{
  "version": 4,
  "terraform_version": "1.5.0",
  "serial": 27,
  "lineage": "ad1e233f-af80-af7f-1cf3-622f6b910cd6",
  "outputs": {},
  "resources": [
    {
      "mode": "managed",
      "type": "azurerm_network_interface",
      "name": "nic0",
      "provider": "provider[\"registry.terraform.io/hashicorp/azurerm\"]",
      "instances": [
        {
          "schema_version": 0,
          "attributes": {
            "applied_dns_servers": [],
            "dns_servers": [],
            "edge_zone": "",
            "enable_accelerated_networking": false,
            "enable_ip_forwarding": false,
            "id": "/subscriptions/76a7f95f-ddfe-414e-b234-fed7b4cdeecd/resourceGroups/az104-04-rg1/providers/Microsoft.Network/networkInterfaces/az104-04-nic0",
            "internal_dns_name_label": "",
            "internal_domain_name_suffix": "0nd2j2in5piunpomqwcaz0bi4c.ax.internal.cloudapp.net",
            "ip_configuration": [
              {
                "gateway_load_balancer_frontend_ip_configuration_id": "",
                "name": "ipconfig1",
                "primary": true,
                "private_ip_address": "10.40.0.4",
                "private_ip_address_allocation": "Dynamic",
                "private_ip_address_version": "IPv4",
                "public_ip_address_id": "/subscriptions/76a7f95f-ddfe-414e-b234-fed7b4cdeecd/resourceGroups/az104-04-rg1/providers/Microsoft.Network/publicIPAddresses/az104-04-pip0",
                "subnet_id": "/subscriptions/76a7f95f-ddfe-414e-b234-fed7b4cdeecd/resourceGroups/az104-04-rg1/providers/Microsoft.Network/virtualNetworks/az104-04-vnet1/subnets/subnet0"
              }
            ],
            "location": "westeurope",
            "mac_address": "00-0D-3A-44-91-24",
            "name": "az104-04-nic0",
            "private_ip_address": "10.40.0.4",
            "private_ip_addresses": [
              "10.40.0.4"
            ],
            "resource_group_name": "az104-04-rg1",
            "tags": {
              "ENV": "DEV"
            },
            "timeouts": null,
            "virtual_machine_id": "/subscriptions/76a7f95f-ddfe-414e-b234-fed7b4cdeecd/resourceGroups/az104-04-rg1/providers/Microsoft.Compute/virtualMachines/az104-04-vm0"
          },
          "sensitive_attributes": [],
          "private": "eyJlMmJmYjczMC1lY2FhLTExZTYtOGY4OC0zNDM2M2JjN2M0YzAiOnsiY3JlYXRlIjoxODAwMDAwMDAwMDAwLCJkZWxldGUiOjE4MDAwMDAwMDAwMDAsInJlYWQiOjMwMDAwMDAwMDAwMCwidXBkYXRlIjoxODAwMDAwMDAwMDAwfX0=",
          "dependencies": [
            "azurerm_network_security_group.nsg",
            "azurerm_public_ip.pip0",
            "azurerm_resource_group.rg",
            "azurerm_subnet.subnet0",
            "azurerm_virtual_network.vnet"
          ]
        }
      ]
    },
    {
      "mode": "managed",
      "type": "azurerm_network_interface",
      "name": "nic1",
      "provider": "provider[\"registry.terraform.io/hashicorp/azurerm\"]",
      "instances": [
        {
          "schema_version": 0,
          "attributes": {
            "applied_dns_servers": [],
            "dns_servers": [],
            "edge_zone": "",
            "enable_accelerated_networking": false,
            "enable_ip_forwarding": false,
            "id": "/subscriptions/76a7f95f-ddfe-414e-b234-fed7b4cdeecd/resourceGroups/az104-04-rg1/providers/Microsoft.Network/networkInterfaces/az104-04-nic1",
            "internal_dns_name_label": "",
            "internal_domain_name_suffix": "0nd2j2in5piunpomqwcaz0bi4c.ax.internal.cloudapp.net",
            "ip_configuration": [
              {
                "gateway_load_balancer_frontend_ip_configuration_id": "",
                "name": "ipconfig1",
                "primary": true,
                "private_ip_address": "10.40.1.4",
                "private_ip_address_allocation": "Dynamic",
                "private_ip_address_version": "IPv4",
                "public_ip_address_id": "/subscriptions/76a7f95f-ddfe-414e-b234-fed7b4cdeecd/resourceGroups/az104-04-rg1/providers/Microsoft.Network/publicIPAddresses/az104-04-pip1",
                "subnet_id": "/subscriptions/76a7f95f-ddfe-414e-b234-fed7b4cdeecd/resourceGroups/az104-04-rg1/providers/Microsoft.Network/virtualNetworks/az104-04-vnet1/subnets/subnet1"
              }
            ],
            "location": "westeurope",
            "mac_address": "00-0D-3A-3A-4E-53",
            "name": "az104-04-nic1",
            "private_ip_address": "10.40.1.4",
            "private_ip_addresses": [
              "10.40.1.4"
            ],
            "resource_group_name": "az104-04-rg1",
            "tags": {
              "ENV": "DEV"
            },
            "timeouts": null,
            "virtual_machine_id": "/subscriptions/76a7f95f-ddfe-414e-b234-fed7b4cdeecd/resourceGroups/az104-04-rg1/providers/Microsoft.Compute/virtualMachines/az104-04-vm1"
          },
          "sensitive_attributes": [],
          "private": "eyJlMmJmYjczMC1lY2FhLTExZTYtOGY4OC0zNDM2M2JjN2M0YzAiOnsiY3JlYXRlIjoxODAwMDAwMDAwMDAwLCJkZWxldGUiOjE4MDAwMDAwMDAwMDAsInJlYWQiOjMwMDAwMDAwMDAwMCwidXBkYXRlIjoxODAwMDAwMDAwMDAwfX0=",
          "dependencies": [
            "azurerm_network_security_group.nsg",
            "azurerm_public_ip.pip1",
            "azurerm_resource_group.rg",
            "azurerm_subnet.subnet1",
            "azurerm_virtual_network.vnet"
          ]
        }
      ]
    },
    {
      "mode": "managed",
      "type": "azurerm_network_security_group",
      "name": "nsg",
      "provider": "provider[\"registry.terraform.io/hashicorp/azurerm\"]",
      "instances": [
        {
          "schema_version": 0,
          "attributes": {
            "id": "/subscriptions/76a7f95f-ddfe-414e-b234-fed7b4cdeecd/resourceGroups/az104-04-rg1/providers/Microsoft.Network/networkSecurityGroups/az104-04-nsg01",
            "location": "westeurope",
            "name": "az104-04-nsg01",
            "resource_group_name": "az104-04-rg1",
            "security_rule": [
              {
                "access": "Allow",
                "description": "",
                "destination_address_prefix": "*",
                "destination_address_prefixes": [],
                "destination_application_security_group_ids": [],
                "destination_port_range": "3389",
                "destination_port_ranges": [],
                "direction": "Inbound",
                "name": "AllowRDPInBound",
                "priority": 300,
                "protocol": "Tcp",
                "source_address_prefix": "37.205.44.26/32",
                "source_address_prefixes": [],
                "source_application_security_group_ids": [],
                "source_port_range": "*",
                "source_port_ranges": []
              }
            ],
            "tags": {},
            "timeouts": null
          },
          "sensitive_attributes": [],
          "private": "eyJlMmJmYjczMC1lY2FhLTExZTYtOGY4OC0zNDM2M2JjN2M0YzAiOnsiY3JlYXRlIjoxODAwMDAwMDAwMDAwLCJkZWxldGUiOjE4MDAwMDAwMDAwMDAsInJlYWQiOjMwMDAwMDAwMDAwMCwidXBkYXRlIjoxODAwMDAwMDAwMDAwfX0=",
          "dependencies": [
            "azurerm_resource_group.rg"
          ]
        }
      ]
    },
    {
      "mode": "managed",
      "type": "azurerm_network_security_rule",
      "name": "nsrule1",
      "provider": "provider[\"registry.terraform.io/hashicorp/azurerm\"]",
      "instances": [
        {
          "schema_version": 0,
          "attributes": {
            "access": "Allow",
            "description": "",
            "destination_address_prefix": "*",
            "destination_address_prefixes": [],
            "destination_application_security_group_ids": [],
            "destination_port_range": "3389",
            "destination_port_ranges": [],
            "direction": "Inbound",
            "id": "/subscriptions/76a7f95f-ddfe-414e-b234-fed7b4cdeecd/resourceGroups/az104-04-rg1/providers/Microsoft.Network/networkSecurityGroups/az104-04-nsg01/securityRules/AllowRDPInBound",
            "name": "AllowRDPInBound",
            "network_security_group_name": "az104-04-nsg01",
            "priority": 300,
            "protocol": "Tcp",
            "resource_group_name": "az104-04-rg1",
            "source_address_prefix": "37.205.44.26/32",
            "source_address_prefixes": [],
            "source_application_security_group_ids": [],
            "source_port_range": "*",
            "source_port_ranges": [],
            "timeouts": null
          },
          "sensitive_attributes": [],
          "private": "eyJlMmJmYjczMC1lY2FhLTExZTYtOGY4OC0zNDM2M2JjN2M0YzAiOnsiY3JlYXRlIjoxODAwMDAwMDAwMDAwLCJkZWxldGUiOjE4MDAwMDAwMDAwMDAsInJlYWQiOjMwMDAwMDAwMDAwMCwidXBkYXRlIjoxODAwMDAwMDAwMDAwfX0=",
          "dependencies": [
            "azurerm_network_security_group.nsg",
            "azurerm_resource_group.rg"
          ]
        }
      ]
    },
    {
      "mode": "managed",
      "type": "azurerm_private_dns_zone",
      "name": "dnszone",
      "provider": "provider[\"registry.terraform.io/hashicorp/azurerm\"]",
      "instances": [
        {
          "schema_version": 0,
          "attributes": {
            "id": "/subscriptions/76a7f95f-ddfe-414e-b234-fed7b4cdeecd/resourceGroups/az104-04-rg1/providers/Microsoft.Network/privateDnsZones/contoso.org",
            "max_number_of_record_sets": 25000,
            "max_number_of_virtual_network_links": 1000,
            "max_number_of_virtual_network_links_with_registration": 100,
            "name": "contoso.org",
            "number_of_record_sets": 3,
            "resource_group_name": "az104-04-rg1",
            "soa_record": [
              {
                "email": "azureprivatedns-host.microsoft.com",
                "expire_time": 2419200,
                "fqdn": "contoso.org.",
                "host_name": "azureprivatedns.net",
                "minimum_ttl": 10,
                "refresh_time": 3600,
                "retry_time": 300,
                "serial_number": 1,
                "tags": {},
                "ttl": 3600
              }
            ],
            "tags": {},
            "timeouts": null
          },
          "sensitive_attributes": [],
          "private": "eyJlMmJmYjczMC1lY2FhLTExZTYtOGY4OC0zNDM2M2JjN2M0YzAiOnsiY3JlYXRlIjoxODAwMDAwMDAwMDAwLCJkZWxldGUiOjE4MDAwMDAwMDAwMDAsInJlYWQiOjMwMDAwMDAwMDAwMCwidXBkYXRlIjoxODAwMDAwMDAwMDAwfX0=",
          "dependencies": [
            "azurerm_resource_group.rg"
          ]
        }
      ]
    },
    {
      "mode": "managed",
      "type": "azurerm_private_dns_zone_virtual_network_link",
      "name": "vnetlink",
      "provider": "provider[\"registry.terraform.io/hashicorp/azurerm\"]",
      "instances": [
        {
          "schema_version": 0,
          "attributes": {
            "id": "/subscriptions/76a7f95f-ddfe-414e-b234-fed7b4cdeecd/resourceGroups/az104-04-rg1/providers/Microsoft.Network/privateDnsZones/contoso.org/virtualNetworkLinks/vnetlink",
            "name": "vnetlink",
            "private_dns_zone_name": "contoso.org",
            "registration_enabled": true,
            "resource_group_name": "az104-04-rg1",
            "tags": {},
            "timeouts": null,
            "virtual_network_id": "/subscriptions/76a7f95f-ddfe-414e-b234-fed7b4cdeecd/resourceGroups/az104-04-rg1/providers/Microsoft.Network/virtualNetworks/az104-04-vnet1"
          },
          "sensitive_attributes": [],
          "private": "eyJlMmJmYjczMC1lY2FhLTExZTYtOGY4OC0zNDM2M2JjN2M0YzAiOnsiY3JlYXRlIjoxODAwMDAwMDAwMDAwLCJkZWxldGUiOjE4MDAwMDAwMDAwMDAsInJlYWQiOjMwMDAwMDAwMDAwMCwidXBkYXRlIjoxODAwMDAwMDAwMDAwfX0=",
          "dependencies": [
            "azurerm_network_security_group.nsg",
            "azurerm_private_dns_zone.dnszone",
            "azurerm_resource_group.rg",
            "azurerm_virtual_network.vnet"
          ]
        }
      ]
    },
    {
      "mode": "managed",
      "type": "azurerm_public_ip",
      "name": "pip0",
      "provider": "provider[\"registry.terraform.io/hashicorp/azurerm\"]",
      "instances": [
        {
          "schema_version": 0,
          "attributes": {
            "allocation_method": "Dynamic",
            "domain_name_label": null,
            "edge_zone": "",
            "fqdn": null,
            "id": "/subscriptions/76a7f95f-ddfe-414e-b234-fed7b4cdeecd/resourceGroups/az104-04-rg1/providers/Microsoft.Network/publicIPAddresses/az104-04-pip0",
            "idle_timeout_in_minutes": 4,
            "ip_address": "23.97.241.59",
            "ip_tags": {},
            "ip_version": "IPv4",
            "location": "westeurope",
            "name": "az104-04-pip0",
            "public_ip_prefix_id": null,
            "resource_group_name": "az104-04-rg1",
            "reverse_fqdn": null,
            "sku": "Basic",
            "sku_tier": "Regional",
            "tags": {
              "ENV": "DEV"
            },
            "timeouts": null,
            "zones": []
          },
          "sensitive_attributes": [],
          "private": "eyJlMmJmYjczMC1lY2FhLTExZTYtOGY4OC0zNDM2M2JjN2M0YzAiOnsiY3JlYXRlIjoxODAwMDAwMDAwMDAwLCJkZWxldGUiOjE4MDAwMDAwMDAwMDAsInJlYWQiOjMwMDAwMDAwMDAwMCwidXBkYXRlIjoxODAwMDAwMDAwMDAwfX0=",
          "dependencies": [
            "azurerm_resource_group.rg"
          ]
        }
      ]
    },
    {
      "mode": "managed",
      "type": "azurerm_public_ip",
      "name": "pip1",
      "provider": "provider[\"registry.terraform.io/hashicorp/azurerm\"]",
      "instances": [
        {
          "schema_version": 0,
          "attributes": {
            "allocation_method": "Dynamic",
            "domain_name_label": null,
            "edge_zone": "",
            "fqdn": null,
            "id": "/subscriptions/76a7f95f-ddfe-414e-b234-fed7b4cdeecd/resourceGroups/az104-04-rg1/providers/Microsoft.Network/publicIPAddresses/az104-04-pip1",
            "idle_timeout_in_minutes": 4,
            "ip_address": "137.117.192.133",
            "ip_tags": {},
            "ip_version": "IPv4",
            "location": "westeurope",
            "name": "az104-04-pip1",
            "public_ip_prefix_id": null,
            "resource_group_name": "az104-04-rg1",
            "reverse_fqdn": null,
            "sku": "Basic",
            "sku_tier": "Regional",
            "tags": {
              "ENV": "DEV"
            },
            "timeouts": null,
            "zones": []
          },
          "sensitive_attributes": [],
          "private": "eyJlMmJmYjczMC1lY2FhLTExZTYtOGY4OC0zNDM2M2JjN2M0YzAiOnsiY3JlYXRlIjoxODAwMDAwMDAwMDAwLCJkZWxldGUiOjE4MDAwMDAwMDAwMDAsInJlYWQiOjMwMDAwMDAwMDAwMCwidXBkYXRlIjoxODAwMDAwMDAwMDAwfX0=",
          "dependencies": [
            "azurerm_resource_group.rg"
          ]
        }
      ]
    },
    {
      "mode": "managed",
      "type": "azurerm_resource_group",
      "name": "rg",
      "provider": "provider[\"registry.terraform.io/hashicorp/azurerm\"]",
      "instances": [
        {
          "schema_version": 0,
          "attributes": {
            "id": "/subscriptions/76a7f95f-ddfe-414e-b234-fed7b4cdeecd/resourceGroups/az104-04-rg1",
            "location": "westeurope",
            "name": "az104-04-rg1",
            "tags": {},
            "timeouts": null
          },
          "sensitive_attributes": [],
          "private": "eyJlMmJmYjczMC1lY2FhLTExZTYtOGY4OC0zNDM2M2JjN2M0YzAiOnsiY3JlYXRlIjo1NDAwMDAwMDAwMDAwLCJkZWxldGUiOjU0MDAwMDAwMDAwMDAsInJlYWQiOjMwMDAwMDAwMDAwMCwidXBkYXRlIjo1NDAwMDAwMDAwMDAwfX0="
        }
      ]
    },
    {
      "mode": "managed",
      "type": "azurerm_subnet",
      "name": "subnet0",
      "provider": "provider[\"registry.terraform.io/hashicorp/azurerm\"]",
      "instances": [
        {
          "schema_version": 0,
          "attributes": {
            "address_prefixes": [
              "10.40.0.0/24"
            ],
            "delegation": [],
            "enforce_private_link_endpoint_network_policies": false,
            "enforce_private_link_service_network_policies": false,
            "id": "/subscriptions/76a7f95f-ddfe-414e-b234-fed7b4cdeecd/resourceGroups/az104-04-rg1/providers/Microsoft.Network/virtualNetworks/az104-04-vnet1/subnets/subnet0",
            "name": "subnet0",
            "resource_group_name": "az104-04-rg1",
            "service_endpoint_policy_ids": [],
            "service_endpoints": [],
            "timeouts": null,
            "virtual_network_name": "az104-04-vnet1"
          },
          "sensitive_attributes": [],
          "private": "eyJlMmJmYjczMC1lY2FhLTExZTYtOGY4OC0zNDM2M2JjN2M0YzAiOnsiY3JlYXRlIjoxODAwMDAwMDAwMDAwLCJkZWxldGUiOjE4MDAwMDAwMDAwMDAsInJlYWQiOjMwMDAwMDAwMDAwMCwidXBkYXRlIjoxODAwMDAwMDAwMDAwfX0=",
          "dependencies": [
            "azurerm_network_security_group.nsg",
            "azurerm_resource_group.rg",
            "azurerm_virtual_network.vnet"
          ]
        }
      ]
    },
    {
      "mode": "managed",
      "type": "azurerm_subnet",
      "name": "subnet1",
      "provider": "provider[\"registry.terraform.io/hashicorp/azurerm\"]",
      "instances": [
        {
          "schema_version": 0,
          "attributes": {
            "address_prefixes": [
              "10.40.1.0/24"
            ],
            "delegation": [],
            "enforce_private_link_endpoint_network_policies": false,
            "enforce_private_link_service_network_policies": false,
            "id": "/subscriptions/76a7f95f-ddfe-414e-b234-fed7b4cdeecd/resourceGroups/az104-04-rg1/providers/Microsoft.Network/virtualNetworks/az104-04-vnet1/subnets/subnet1",
            "name": "subnet1",
            "resource_group_name": "az104-04-rg1",
            "service_endpoint_policy_ids": [],
            "service_endpoints": [],
            "timeouts": null,
            "virtual_network_name": "az104-04-vnet1"
          },
          "sensitive_attributes": [],
          "private": "eyJlMmJmYjczMC1lY2FhLTExZTYtOGY4OC0zNDM2M2JjN2M0YzAiOnsiY3JlYXRlIjoxODAwMDAwMDAwMDAwLCJkZWxldGUiOjE4MDAwMDAwMDAwMDAsInJlYWQiOjMwMDAwMDAwMDAwMCwidXBkYXRlIjoxODAwMDAwMDAwMDAwfX0=",
          "dependencies": [
            "azurerm_network_security_group.nsg",
            "azurerm_resource_group.rg",
            "azurerm_virtual_network.vnet"
          ]
        }
      ]
    },
    {
      "mode": "managed",
      "type": "azurerm_subnet_network_security_group_association",
      "name": "subnetassoc0",
      "provider": "provider[\"registry.terraform.io/hashicorp/azurerm\"]",
      "instances": [
        {
          "schema_version": 0,
          "attributes": {
            "id": "/subscriptions/76a7f95f-ddfe-414e-b234-fed7b4cdeecd/resourceGroups/az104-04-rg1/providers/Microsoft.Network/virtualNetworks/az104-04-vnet1/subnets/subnet0",
            "network_security_group_id": "/subscriptions/76a7f95f-ddfe-414e-b234-fed7b4cdeecd/resourceGroups/az104-04-rg1/providers/Microsoft.Network/networkSecurityGroups/az104-04-nsg01",
            "subnet_id": "/subscriptions/76a7f95f-ddfe-414e-b234-fed7b4cdeecd/resourceGroups/az104-04-rg1/providers/Microsoft.Network/virtualNetworks/az104-04-vnet1/subnets/subnet0",
            "timeouts": null
          },
          "sensitive_attributes": [],
          "private": "eyJlMmJmYjczMC1lY2FhLTExZTYtOGY4OC0zNDM2M2JjN2M0YzAiOnsiY3JlYXRlIjoxODAwMDAwMDAwMDAwLCJkZWxldGUiOjE4MDAwMDAwMDAwMDAsInJlYWQiOjMwMDAwMDAwMDAwMCwidXBkYXRlIjoxODAwMDAwMDAwMDAwfX0=",
          "dependencies": [
            "azurerm_network_security_group.nsg",
            "azurerm_subnet.subnet0"
          ]
        }
      ]
    },
    {
      "mode": "managed",
      "type": "azurerm_subnet_network_security_group_association",
      "name": "subnetassoc1",
      "provider": "provider[\"registry.terraform.io/hashicorp/azurerm\"]",
      "instances": [
        {
          "schema_version": 0,
          "attributes": {
            "id": "/subscriptions/76a7f95f-ddfe-414e-b234-fed7b4cdeecd/resourceGroups/az104-04-rg1/providers/Microsoft.Network/virtualNetworks/az104-04-vnet1/subnets/subnet1",
            "network_security_group_id": "/subscriptions/76a7f95f-ddfe-414e-b234-fed7b4cdeecd/resourceGroups/az104-04-rg1/providers/Microsoft.Network/networkSecurityGroups/az104-04-nsg01",
            "subnet_id": "/subscriptions/76a7f95f-ddfe-414e-b234-fed7b4cdeecd/resourceGroups/az104-04-rg1/providers/Microsoft.Network/virtualNetworks/az104-04-vnet1/subnets/subnet1",
            "timeouts": null
          },
          "sensitive_attributes": [],
          "private": "eyJlMmJmYjczMC1lY2FhLTExZTYtOGY4OC0zNDM2M2JjN2M0YzAiOnsiY3JlYXRlIjoxODAwMDAwMDAwMDAwLCJkZWxldGUiOjE4MDAwMDAwMDAwMDAsInJlYWQiOjMwMDAwMDAwMDAwMCwidXBkYXRlIjoxODAwMDAwMDAwMDAwfX0=",
          "dependencies": [
            "azurerm_network_security_group.nsg",
            "azurerm_subnet.subnet1"
          ]
        }
      ]
    },
    {
      "mode": "managed",
      "type": "azurerm_virtual_network",
      "name": "vnet",
      "provider": "provider[\"registry.terraform.io/hashicorp/azurerm\"]",
      "instances": [
        {
          "schema_version": 0,
          "attributes": {
            "address_space": [
              "10.40.0.0/20"
            ],
            "bgp_community": "",
            "ddos_protection_plan": [],
            "dns_servers": [],
            "edge_zone": "",
            "flow_timeout_in_minutes": 0,
            "guid": "f1c447d3-fb0d-46d1-bdcc-85840ce828f2",
            "id": "/subscriptions/76a7f95f-ddfe-414e-b234-fed7b4cdeecd/resourceGroups/az104-04-rg1/providers/Microsoft.Network/virtualNetworks/az104-04-vnet1",
            "location": "westeurope",
            "name": "az104-04-vnet1",
            "resource_group_name": "az104-04-rg1",
            "subnet": [
              {
                "address_prefix": "10.40.0.0/24",
                "id": "/subscriptions/76a7f95f-ddfe-414e-b234-fed7b4cdeecd/resourceGroups/az104-04-rg1/providers/Microsoft.Network/virtualNetworks/az104-04-vnet1/subnets/subnet0",
                "name": "subnet0",
                "security_group": ""
              },
              {
                "address_prefix": "10.40.1.0/24",
                "id": "/subscriptions/76a7f95f-ddfe-414e-b234-fed7b4cdeecd/resourceGroups/az104-04-rg1/providers/Microsoft.Network/virtualNetworks/az104-04-vnet1/subnets/subnet1",
                "name": "subnet1",
                "security_group": ""
              }
            ],
            "tags": {},
            "timeouts": null
          },
          "sensitive_attributes": [],
          "private": "eyJlMmJmYjczMC1lY2FhLTExZTYtOGY4OC0zNDM2M2JjN2M0YzAiOnsiY3JlYXRlIjoxODAwMDAwMDAwMDAwLCJkZWxldGUiOjE4MDAwMDAwMDAwMDAsInJlYWQiOjMwMDAwMDAwMDAwMCwidXBkYXRlIjoxODAwMDAwMDAwMDAwfX0=",
          "dependencies": [
            "azurerm_network_security_group.nsg",
            "azurerm_resource_group.rg"
          ]
        }
      ]
    },
    {
      "mode": "managed",
      "type": "azurerm_windows_virtual_machine",
      "name": "vm0",
      "provider": "provider[\"registry.terraform.io/hashicorp/azurerm\"]",
      "instances": [
        {
          "schema_version": 0,
          "attributes": {
            "additional_capabilities": [],
            "additional_unattend_content": [],
            "admin_password": "Passw0rd!2023",
            "admin_username": "localadm",
            "allow_extension_operations": true,
            "availability_set_id": "",
            "boot_diagnostics": [],
            "computer_name": "az104-04-vm0",
            "custom_data": null,
            "dedicated_host_group_id": "",
            "dedicated_host_id": "",
            "edge_zone": "",
            "enable_automatic_updates": true,
            "encryption_at_host_enabled": false,
            "eviction_policy": "",
            "extensions_time_budget": "PT1H30M",
            "hotpatching_enabled": false,
            "id": "/subscriptions/76a7f95f-ddfe-414e-b234-fed7b4cdeecd/resourceGroups/az104-04-rg1/providers/Microsoft.Compute/virtualMachines/az104-04-vm0",
            "identity": [],
            "license_type": "",
            "location": "westeurope",
            "max_bid_price": -1,
            "name": "az104-04-vm0",
            "network_interface_ids": [
              "/subscriptions/76a7f95f-ddfe-414e-b234-fed7b4cdeecd/resourceGroups/az104-04-rg1/providers/Microsoft.Network/networkInterfaces/az104-04-nic0"
            ],
            "os_disk": [
              {
                "caching": "ReadWrite",
                "diff_disk_settings": [],
                "disk_encryption_set_id": "",
                "disk_size_gb": 127,
                "name": "az104-04-vm0_OsDisk_1_5c9905005b6b4a509a0a8b45a2a3b839",
                "storage_account_type": "Standard_LRS",
                "write_accelerator_enabled": false
              }
            ],
            "patch_mode": "AutomaticByOS",
            "plan": [],
            "platform_fault_domain": -1,
            "priority": "Regular",
            "private_ip_address": "10.40.0.4",
            "private_ip_addresses": [
              "10.40.0.4"
            ],
            "provision_vm_agent": true,
            "proximity_placement_group_id": "",
            "public_ip_address": "23.97.241.59",
            "public_ip_addresses": [
              "23.97.241.59"
            ],
            "resource_group_name": "az104-04-rg1",
            "secret": [],
            "secure_boot_enabled": false,
            "size": "Standard_DS1_v2",
            "source_image_id": "",
            "source_image_reference": [
              {
                "offer": "WindowsServer",
                "publisher": "MicrosoftWindowsServer",
                "sku": "2019-datacenter",
                "version": "latest"
              }
            ],
            "tags": {},
            "termination_notification": [],
            "timeouts": null,
            "timezone": "",
            "user_data": "",
            "virtual_machine_id": "168af2e9-5308-4506-8074-ec4033db534f",
            "virtual_machine_scale_set_id": "",
            "vtpm_enabled": false,
            "winrm_listener": [],
            "zone": ""
          },
          "sensitive_attributes": [],
          "private": "eyJlMmJmYjczMC1lY2FhLTExZTYtOGY4OC0zNDM2M2JjN2M0YzAiOnsiY3JlYXRlIjoyNzAwMDAwMDAwMDAwLCJkZWxldGUiOjI3MDAwMDAwMDAwMDAsInJlYWQiOjMwMDAwMDAwMDAwMCwidXBkYXRlIjoyNzAwMDAwMDAwMDAwfX0=",
          "dependencies": [
            "azurerm_network_interface.nic0",
            "azurerm_network_security_group.nsg",
            "azurerm_public_ip.pip0",
            "azurerm_resource_group.rg",
            "azurerm_subnet.subnet0",
            "azurerm_virtual_network.vnet"
          ]
        }
      ]
    },
    {
      "mode": "managed",
      "type": "azurerm_windows_virtual_machine",
      "name": "vm1",
      "provider": "provider[\"registry.terraform.io/hashicorp/azurerm\"]",
      "instances": [
        {
          "schema_version": 0,
          "attributes": {
            "additional_capabilities": [],
            "additional_unattend_content": [],
            "admin_password": "Passw0rd!2023",
            "admin_username": "localadm",
            "allow_extension_operations": true,
            "availability_set_id": "",
            "boot_diagnostics": [],
            "computer_name": "az104-04-vm1",
            "custom_data": null,
            "dedicated_host_group_id": "",
            "dedicated_host_id": "",
            "edge_zone": "",
            "enable_automatic_updates": true,
            "encryption_at_host_enabled": false,
            "eviction_policy": "",
            "extensions_time_budget": "PT1H30M",
            "hotpatching_enabled": false,
            "id": "/subscriptions/76a7f95f-ddfe-414e-b234-fed7b4cdeecd/resourceGroups/az104-04-rg1/providers/Microsoft.Compute/virtualMachines/az104-04-vm1",
            "identity": [],
            "license_type": "",
            "location": "westeurope",
            "max_bid_price": -1,
            "name": "az104-04-vm1",
            "network_interface_ids": [
              "/subscriptions/76a7f95f-ddfe-414e-b234-fed7b4cdeecd/resourceGroups/az104-04-rg1/providers/Microsoft.Network/networkInterfaces/az104-04-nic1"
            ],
            "os_disk": [
              {
                "caching": "ReadWrite",
                "diff_disk_settings": [],
                "disk_encryption_set_id": "",
                "disk_size_gb": 127,
                "name": "az104-04-vm1_OsDisk_1_8d4a80448aaa4f60b31f69ba7aa93fc5",
                "storage_account_type": "Standard_LRS",
                "write_accelerator_enabled": false
              }
            ],
            "patch_mode": "AutomaticByOS",
            "plan": [],
            "platform_fault_domain": -1,
            "priority": "Regular",
            "private_ip_address": "10.40.1.4",
            "private_ip_addresses": [
              "10.40.1.4"
            ],
            "provision_vm_agent": true,
            "proximity_placement_group_id": "",
            "public_ip_address": "137.117.192.133",
            "public_ip_addresses": [
              "137.117.192.133"
            ],
            "resource_group_name": "az104-04-rg1",
            "secret": [],
            "secure_boot_enabled": false,
            "size": "Standard_DS1_v2",
            "source_image_id": "",
            "source_image_reference": [
              {
                "offer": "WindowsServer",
                "publisher": "MicrosoftWindowsServer",
                "sku": "2019-datacenter",
                "version": "latest"
              }
            ],
            "tags": {},
            "termination_notification": [],
            "timeouts": null,
            "timezone": "",
            "user_data": "",
            "virtual_machine_id": "8695888f-d31f-4274-8c65-cef27d54ebad",
            "virtual_machine_scale_set_id": "",
            "vtpm_enabled": false,
            "winrm_listener": [],
            "zone": ""
          },
          "sensitive_attributes": [],
          "private": "eyJlMmJmYjczMC1lY2FhLTExZTYtOGY4OC0zNDM2M2JjN2M0YzAiOnsiY3JlYXRlIjoyNzAwMDAwMDAwMDAwLCJkZWxldGUiOjI3MDAwMDAwMDAwMDAsInJlYWQiOjMwMDAwMDAwMDAwMCwidXBkYXRlIjoyNzAwMDAwMDAwMDAwfX0=",
          "dependencies": [
            "azurerm_network_interface.nic1",
            "azurerm_network_security_group.nsg",
            "azurerm_public_ip.pip1",
            "azurerm_resource_group.rg",
            "azurerm_subnet.subnet1",
            "azurerm_virtual_network.vnet"
          ]
        }
      ]
    }
  ],
  "check_results": null
}
